// !$*UTF8*$!
{
	archiveVersion = 1;
	classes = {
	};
	objectVersion = 55;
	objects = {

/* Begin PBXBuildFile section */
		5A0F5CC9282E90A3002B0255 /* GraphViewController.swift in Sources */ = {isa = PBXBuildFile; fileRef = 5A0F5CC8282E90A3002B0255 /* GraphViewController.swift */; };
		5A50A4692823FCC900BA6C3F /* DiceViewController.swift in Sources */ = {isa = PBXBuildFile; fileRef = 5A50A4682823FCC900BA6C3F /* DiceViewController.swift */; };
		5A50A46B28254B9200BA6C3F /* DiceRollHistoryViewController.swift in Sources */ = {isa = PBXBuildFile; fileRef = 5A50A46A28254B9200BA6C3F /* DiceRollHistoryViewController.swift */; };
		5A50A46D2825510E00BA6C3F /* TableViewCell.swift in Sources */ = {isa = PBXBuildFile; fileRef = 5A50A46C2825510E00BA6C3F /* TableViewCell.swift */; };
		5A50A480282BE18200BA6C3F /* MathCalculations.swift in Sources */ = {isa = PBXBuildFile; fileRef = 5A50A47F282BE18200BA6C3F /* MathCalculations.swift */; };
		5A58E4AB280412F8005BB073 /* AppDelegate.swift in Sources */ = {isa = PBXBuildFile; fileRef = 5A58E4AA280412F8005BB073 /* AppDelegate.swift */; };
		5A58E4AD280412F8005BB073 /* SceneDelegate.swift in Sources */ = {isa = PBXBuildFile; fileRef = 5A58E4AC280412F8005BB073 /* SceneDelegate.swift */; };
		5A58E4AF280412F8005BB073 /* ViewController.swift in Sources */ = {isa = PBXBuildFile; fileRef = 5A58E4AE280412F8005BB073 /* ViewController.swift */; };
		5A58E4B2280412F8005BB073 /* Main.storyboard in Resources */ = {isa = PBXBuildFile; fileRef = 5A58E4B0280412F8005BB073 /* Main.storyboard */; };
		5A58E4B4280412F9005BB073 /* Assets.xcassets in Resources */ = {isa = PBXBuildFile; fileRef = 5A58E4B3280412F9005BB073 /* Assets.xcassets */; };
		5A58E4B7280412F9005BB073 /* LaunchScreen.storyboard in Resources */ = {isa = PBXBuildFile; fileRef = 5A58E4B5280412F9005BB073 /* LaunchScreen.storyboard */; };
		5A58E4C128041BA9005BB073 /* GreenViewController.swift in Sources */ = {isa = PBXBuildFile; fileRef = 5A58E4C028041BA9005BB073 /* GreenViewController.swift */; };
		5A58E4C328041BB9005BB073 /* BlueViewController.swift in Sources */ = {isa = PBXBuildFile; fileRef = 5A58E4C228041BB9005BB073 /* BlueViewController.swift */; };
		F4A3FA502F2F8FC53E5E4204 /* Pods_ViewControllerPractice.framework in Frameworks */ = {isa = PBXBuildFile; fileRef = 09581A709ED055C29355A4B1 /* Pods_ViewControllerPractice.framework */; };
/* End PBXBuildFile section */

/* Begin PBXFileReference section */
		09581A709ED055C29355A4B1 /* Pods_ViewControllerPractice.framework */ = {isa = PBXFileReference; explicitFileType = wrapper.framework; includeInIndex = 0; path = Pods_ViewControllerPractice.framework; sourceTree = BUILT_PRODUCTS_DIR; };
		5A0F5CC8282E90A3002B0255 /* GraphViewController.swift */ = {isa = PBXFileReference; lastKnownFileType = sourcecode.swift; path = GraphViewController.swift; sourceTree = "<group>"; };
		5A50A4682823FCC900BA6C3F /* DiceViewController.swift */ = {isa = PBXFileReference; lastKnownFileType = sourcecode.swift; path = DiceViewController.swift; sourceTree = "<group>"; };
		5A50A46A28254B9200BA6C3F /* DiceRollHistoryViewController.swift */ = {isa = PBXFileReference; lastKnownFileType = sourcecode.swift; path = DiceRollHistoryViewController.swift; sourceTree = "<group>"; };
		5A50A46C2825510E00BA6C3F /* TableViewCell.swift */ = {isa = PBXFileReference; lastKnownFileType = sourcecode.swift; path = TableViewCell.swift; sourceTree = "<group>"; };
		5A50A47F282BE18200BA6C3F /* MathCalculations.swift */ = {isa = PBXFileReference; lastKnownFileType = sourcecode.swift; path = MathCalculations.swift; sourceTree = "<group>"; };
		5A58E4A7280412F8005BB073 /* ViewControllerPractice.app */ = {isa = PBXFileReference; explicitFileType = wrapper.application; includeInIndex = 0; path = ViewControllerPractice.app; sourceTree = BUILT_PRODUCTS_DIR; };
		5A58E4AA280412F8005BB073 /* AppDelegate.swift */ = {isa = PBXFileReference; lastKnownFileType = sourcecode.swift; path = AppDelegate.swift; sourceTree = "<group>"; };
		5A58E4AC280412F8005BB073 /* SceneDelegate.swift */ = {isa = PBXFileReference; lastKnownFileType = sourcecode.swift; path = SceneDelegate.swift; sourceTree = "<group>"; };
		5A58E4AE280412F8005BB073 /* ViewController.swift */ = {isa = PBXFileReference; lastKnownFileType = sourcecode.swift; path = ViewController.swift; sourceTree = "<group>"; };
		5A58E4B1280412F8005BB073 /* Base */ = {isa = PBXFileReference; lastKnownFileType = file.storyboard; name = Base; path = Base.lproj/Main.storyboard; sourceTree = "<group>"; };
		5A58E4B3280412F9005BB073 /* Assets.xcassets */ = {isa = PBXFileReference; lastKnownFileType = folder.assetcatalog; path = Assets.xcassets; sourceTree = "<group>"; };
		5A58E4B6280412F9005BB073 /* Base */ = {isa = PBXFileReference; lastKnownFileType = file.storyboard; name = Base; path = Base.lproj/LaunchScreen.storyboard; sourceTree = "<group>"; };
		5A58E4B8280412F9005BB073 /* Info.plist */ = {isa = PBXFileReference; lastKnownFileType = text.plist.xml; path = Info.plist; sourceTree = "<group>"; };
		5A58E4C028041BA9005BB073 /* GreenViewController.swift */ = {isa = PBXFileReference; lastKnownFileType = sourcecode.swift; path = GreenViewController.swift; sourceTree = "<group>"; };
		5A58E4C228041BB9005BB073 /* BlueViewController.swift */ = {isa = PBXFileReference; lastKnownFileType = sourcecode.swift; path = BlueViewController.swift; sourceTree = "<group>"; };
		69F698C370A801E4FACB0622 /* Pods-ViewControllerPractice.release.xcconfig */ = {isa = PBXFileReference; includeInIndex = 1; lastKnownFileType = text.xcconfig; name = "Pods-ViewControllerPractice.release.xcconfig"; path = "Target Support Files/Pods-ViewControllerPractice/Pods-ViewControllerPractice.release.xcconfig"; sourceTree = "<group>"; };
		9212379E71BF5E8C231465D8 /* Pods-ViewControllerPractice.debug.xcconfig */ = {isa = PBXFileReference; includeInIndex = 1; lastKnownFileType = text.xcconfig; name = "Pods-ViewControllerPractice.debug.xcconfig"; path = "Target Support Files/Pods-ViewControllerPractice/Pods-ViewControllerPractice.debug.xcconfig"; sourceTree = "<group>"; };
/* End PBXFileReference section */

/* Begin PBXFrameworksBuildPhase section */
		5A58E4A4280412F8005BB073 /* Frameworks */ = {
			isa = PBXFrameworksBuildPhase;
			buildActionMask = 2147483647;
			files = (
				F4A3FA502F2F8FC53E5E4204 /* Pods_ViewControllerPractice.framework in Frameworks */,
			);
			runOnlyForDeploymentPostprocessing = 0;
		};
/* End PBXFrameworksBuildPhase section */

/* Begin PBXGroup section */
		5A58E49E280412F8005BB073 = {
			isa = PBXGroup;
			children = (
				5A58E4A9280412F8005BB073 /* ViewControllerPractice */,
				5A58E4A8280412F8005BB073 /* Products */,
				B05C62E1ECC8A6525D51F2C8 /* Pods */,
				B3283B727B0FA2C5CD629129 /* Frameworks */,
			);
			sourceTree = "<group>";
		};
		5A58E4A8280412F8005BB073 /* Products */ = {
			isa = PBXGroup;
			children = (
				5A58E4A7280412F8005BB073 /* ViewControllerPractice.app */,
			);
			name = Products;
			sourceTree = "<group>";
		};
		5A58E4A9280412F8005BB073 /* ViewControllerPractice */ = {
			isa = PBXGroup;
			children = (
				5A58E4AA280412F8005BB073 /* AppDelegate.swift */,
				5A58E4AC280412F8005BB073 /* SceneDelegate.swift */,
				5A58E4AE280412F8005BB073 /* ViewController.swift */,
				5A58E4B0280412F8005BB073 /* Main.storyboard */,
				5A0F5CC8282E90A3002B0255 /* GraphViewController.swift */,
				5A50A47F282BE18200BA6C3F /* MathCalculations.swift */,
				5A50A46C2825510E00BA6C3F /* TableViewCell.swift */,
				5A50A46A28254B9200BA6C3F /* DiceRollHistoryViewController.swift */,
				5A50A4682823FCC900BA6C3F /* DiceViewController.swift */,
				5A58E4C028041BA9005BB073 /* GreenViewController.swift */,
				5A58E4C228041BB9005BB073 /* BlueViewController.swift */,
				5A58E4B3280412F9005BB073 /* Assets.xcassets */,
				5A58E4B5280412F9005BB073 /* LaunchScreen.storyboard */,
				5A58E4B8280412F9005BB073 /* Info.plist */,
			);
			path = ViewControllerPractice;
			sourceTree = "<group>";
		};
		B05C62E1ECC8A6525D51F2C8 /* Pods */ = {
			isa = PBXGroup;
			children = (
				9212379E71BF5E8C231465D8 /* Pods-ViewControllerPractice.debug.xcconfig */,
				69F698C370A801E4FACB0622 /* Pods-ViewControllerPractice.release.xcconfig */,
			);
			path = Pods;
			sourceTree = "<group>";
		};
		B3283B727B0FA2C5CD629129 /* Frameworks */ = {
			isa = PBXGroup;
			children = (
				09581A709ED055C29355A4B1 /* Pods_ViewControllerPractice.framework */,
			);
			name = Frameworks;
			sourceTree = "<group>";
		};
/* End PBXGroup section */

/* Begin PBXNativeTarget section */
		5A58E4A6280412F8005BB073 /* ViewControllerPractice */ = {
			isa = PBXNativeTarget;
			buildConfigurationList = 5A58E4BB280412F9005BB073 /* Build configuration list for PBXNativeTarget "ViewControllerPractice" */;
			buildPhases = (
				DE4698BC94A36856D248E577 /* [CP] Check Pods Manifest.lock */,
				5A58E4A3280412F8005BB073 /* Sources */,
				5A58E4A4280412F8005BB073 /* Frameworks */,
				5A58E4A5280412F8005BB073 /* Resources */,
				49E6270173768CBA73399ED5 /* [CP] Embed Pods Frameworks */,
			);
			buildRules = (
			);
			dependencies = (
			);
			name = ViewControllerPractice;
			productName = ViewControllerPractice;
			productReference = 5A58E4A7280412F8005BB073 /* ViewControllerPractice.app */;
			productType = "com.apple.product-type.application";
		};
/* End PBXNativeTarget section */

/* Begin PBXProject section */
		5A58E49F280412F8005BB073 /* Project object */ = {
			isa = PBXProject;
			attributes = {
				BuildIndependentTargetsInParallel = 1;
				LastSwiftUpdateCheck = 1320;
				LastUpgradeCheck = 1320;
				TargetAttributes = {
					5A58E4A6280412F8005BB073 = {
						CreatedOnToolsVersion = 13.2.1;
					};
				};
			};
			buildConfigurationList = 5A58E4A2280412F8005BB073 /* Build configuration list for PBXProject "ViewControllerPractice" */;
			compatibilityVersion = "Xcode 13.0";
			developmentRegion = en;
			hasScannedForEncodings = 0;
			knownRegions = (
				en,
				Base,
			);
			mainGroup = 5A58E49E280412F8005BB073;
			productRefGroup = 5A58E4A8280412F8005BB073 /* Products */;
			projectDirPath = "";
			projectRoot = "";
			targets = (
				5A58E4A6280412F8005BB073 /* ViewControllerPractice */,
			);
		};
/* End PBXProject section */

/* Begin PBXResourcesBuildPhase section */
		5A58E4A5280412F8005BB073 /* Resources */ = {
			isa = PBXResourcesBuildPhase;
			buildActionMask = 2147483647;
			files = (
				5A58E4B7280412F9005BB073 /* LaunchScreen.storyboard in Resources */,
				5A58E4B4280412F9005BB073 /* Assets.xcassets in Resources */,
				5A58E4B2280412F8005BB073 /* Main.storyboard in Resources */,
			);
			runOnlyForDeploymentPostprocessing = 0;
		};
/* End PBXResourcesBuildPhase section */

/* Begin PBXShellScriptBuildPhase section */
		49E6270173768CBA73399ED5 /* [CP] Embed Pods Frameworks */ = {
			isa = PBXShellScriptBuildPhase;
			buildActionMask = 2147483647;
			files = (
			);
			inputFileListPaths = (
				"${PODS_ROOT}/Target Support Files/Pods-ViewControllerPractice/Pods-ViewControllerPractice-frameworks-${CONFIGURATION}-input-files.xcfilelist",
			);
			name = "[CP] Embed Pods Frameworks";
			outputFileListPaths = (
				"${PODS_ROOT}/Target Support Files/Pods-ViewControllerPractice/Pods-ViewControllerPractice-frameworks-${CONFIGURATION}-output-files.xcfilelist",
			);
			runOnlyForDeploymentPostprocessing = 0;
			shellPath = /bin/sh;
			shellScript = "\"${PODS_ROOT}/Target Support Files/Pods-ViewControllerPractice/Pods-ViewControllerPractice-frameworks.sh\"\n";
			showEnvVarsInLog = 0;
		};
		DE4698BC94A36856D248E577 /* [CP] Check Pods Manifest.lock */ = {
			isa = PBXShellScriptBuildPhase;
			buildActionMask = 2147483647;
			files = (
			);
			inputFileListPaths = (
			);
			inputPaths = (
				"${PODS_PODFILE_DIR_PATH}/Podfile.lock",
				"${PODS_ROOT}/Manifest.lock",
			);
			name = "[CP] Check Pods Manifest.lock";
			outputFileListPaths = (
			);
			outputPaths = (
				"$(DERIVED_FILE_DIR)/Pods-ViewControllerPractice-checkManifestLockResult.txt",
			);
			runOnlyForDeploymentPostprocessing = 0;
			shellPath = /bin/sh;
			shellScript = "diff \"${PODS_PODFILE_DIR_PATH}/Podfile.lock\" \"${PODS_ROOT}/Manifest.lock\" > /dev/null\nif [ $? != 0 ] ; then\n    # print error to STDERR\n    echo \"error: The sandbox is not in sync with the Podfile.lock. Run 'pod install' or update your CocoaPods installation.\" >&2\n    exit 1\nfi\n# This output is used by Xcode 'outputs' to avoid re-running this script phase.\necho \"SUCCESS\" > \"${SCRIPT_OUTPUT_FILE_0}\"\n";
			showEnvVarsInLog = 0;
		};
/* End PBXShellScriptBuildPhase section */

/* Begin PBXSourcesBuildPhase section */
		5A58E4A3280412F8005BB073 /* Sources */ = {
			isa = PBXSourcesBuildPhase;
			buildActionMask = 2147483647;
			files = (
				5A50A46B28254B9200BA6C3F /* DiceRollHistoryViewController.swift in Sources */,
				5A0F5CC9282E90A3002B0255 /* GraphViewController.swift in Sources */,
				5A50A46D2825510E00BA6C3F /* TableViewCell.swift in Sources */,
				5A58E4C128041BA9005BB073 /* GreenViewController.swift in Sources */,
				5A50A480282BE18200BA6C3F /* MathCalculations.swift in Sources */,
				5A50A4692823FCC900BA6C3F /* DiceViewController.swift in Sources */,
				5A58E4AF280412F8005BB073 /* ViewController.swift in Sources */,
				5A58E4AB280412F8005BB073 /* AppDelegate.swift in Sources */,
				5A58E4C328041BB9005BB073 /* BlueViewController.swift in Sources */,
				5A58E4AD280412F8005BB073 /* SceneDelegate.swift in Sources */,
			);
			runOnlyForDeploymentPostprocessing = 0;
		};
/* End PBXSourcesBuildPhase section */

/* Begin PBXVariantGroup section */
		5A58E4B0280412F8005BB073 /* Main.storyboard */ = {
			isa = PBXVariantGroup;
			children = (
				5A58E4B1280412F8005BB073 /* Base */,
			);
			name = Main.storyboard;
			sourceTree = "<group>";
		};
		5A58E4B5280412F9005BB073 /* LaunchScreen.storyboard */ = {
			isa = PBXVariantGroup;
			children = (
				5A58E4B6280412F9005BB073 /* Base */,
			);
			name = LaunchScreen.storyboard;
			sourceTree = "<group>";
		};
/* End PBXVariantGroup section */

/* Begin XCBuildConfiguration section */
		5A58E4B9280412F9005BB073 /* Debug */ = {
			isa = XCBuildConfiguration;
			buildSettings = {
				ALWAYS_SEARCH_USER_PATHS = NO;
				CLANG_ANALYZER_NONNULL = YES;
				CLANG_ANALYZER_NUMBER_OBJECT_CONVERSION = YES_AGGRESSIVE;
				CLANG_CXX_LANGUAGE_STANDARD = "gnu++17";
				CLANG_CXX_LIBRARY = "libc++";
				CLANG_ENABLE_MODULES = YES;
				CLANG_ENABLE_OBJC_ARC = YES;
				CLANG_ENABLE_OBJC_WEAK = YES;
				CLANG_WARN_BLOCK_CAPTURE_AUTORELEASING = YES;
				CLANG_WARN_BOOL_CONVERSION = YES;
				CLANG_WARN_COMMA = YES;
				CLANG_WARN_CONSTANT_CONVERSION = YES;
				CLANG_WARN_DEPRECATED_OBJC_IMPLEMENTATIONS = YES;
				CLANG_WARN_DIRECT_OBJC_ISA_USAGE = YES_ERROR;
				CLANG_WARN_DOCUMENTATION_COMMENTS = YES;
				CLANG_WARN_EMPTY_BODY = YES;
				CLANG_WARN_ENUM_CONVERSION = YES;
				CLANG_WARN_INFINITE_RECURSION = YES;
				CLANG_WARN_INT_CONVERSION = YES;
				CLANG_WARN_NON_LITERAL_NULL_CONVERSION = YES;
				CLANG_WARN_OBJC_IMPLICIT_RETAIN_SELF = YES;
				CLANG_WARN_OBJC_LITERAL_CONVERSION = YES;
				CLANG_WARN_OBJC_ROOT_CLASS = YES_ERROR;
				CLANG_WARN_QUOTED_INCLUDE_IN_FRAMEWORK_HEADER = YES;
				CLANG_WARN_RANGE_LOOP_ANALYSIS = YES;
				CLANG_WARN_STRICT_PROTOTYPES = YES;
				CLANG_WARN_SUSPICIOUS_MOVE = YES;
				CLANG_WARN_UNGUARDED_AVAILABILITY = YES_AGGRESSIVE;
				CLANG_WARN_UNREACHABLE_CODE = YES;
				CLANG_WARN__DUPLICATE_METHOD_MATCH = YES;
				COPY_PHASE_STRIP = NO;
				DEBUG_INFORMATION_FORMAT = dwarf;
				ENABLE_STRICT_OBJC_MSGSEND = YES;
				ENABLE_TESTABILITY = YES;
				GCC_C_LANGUAGE_STANDARD = gnu11;
				GCC_DYNAMIC_NO_PIC = NO;
				GCC_NO_COMMON_BLOCKS = YES;
				GCC_OPTIMIZATION_LEVEL = 0;
				GCC_PREPROCESSOR_DEFINITIONS = (
					"DEBUG=1",
					"$(inherited)",
				);
				GCC_WARN_64_TO_32_BIT_CONVERSION = YES;
				GCC_WARN_ABOUT_RETURN_TYPE = YES_ERROR;
				GCC_WARN_UNDECLARED_SELECTOR = YES;
				GCC_WARN_UNINITIALIZED_AUTOS = YES_AGGRESSIVE;
				GCC_WARN_UNUSED_FUNCTION = YES;
				GCC_WARN_UNUSED_VARIABLE = YES;
				IPHONEOS_DEPLOYMENT_TARGET = 15.2;
				MTL_ENABLE_DEBUG_INFO = INCLUDE_SOURCE;
				MTL_FAST_MATH = YES;
				ONLY_ACTIVE_ARCH = YES;
				SDKROOT = iphoneos;
				SWIFT_ACTIVE_COMPILATION_CONDITIONS = DEBUG;
				SWIFT_OPTIMIZATION_LEVEL = "-Onone";
			};
			name = Debug;
		};
		5A58E4BA280412F9005BB073 /* Release */ = {
			isa = XCBuildConfiguration;
			buildSettings = {
				ALWAYS_SEARCH_USER_PATHS = NO;
				CLANG_ANALYZER_NONNULL = YES;
				CLANG_ANALYZER_NUMBER_OBJECT_CONVERSION = YES_AGGRESSIVE;
				CLANG_CXX_LANGUAGE_STANDARD = "gnu++17";
				CLANG_CXX_LIBRARY = "libc++";
				CLANG_ENABLE_MODULES = YES;
				CLANG_ENABLE_OBJC_ARC = YES;
				CLANG_ENABLE_OBJC_WEAK = YES;
				CLANG_WARN_BLOCK_CAPTURE_AUTORELEASING = YES;
				CLANG_WARN_BOOL_CONVERSION = YES;
				CLANG_WARN_COMMA = YES;
				CLANG_WARN_CONSTANT_CONVERSION = YES;
				CLANG_WARN_DEPRECATED_OBJC_IMPLEMENTATIONS = YES;
				CLANG_WARN_DIRECT_OBJC_ISA_USAGE = YES_ERROR;
				CLANG_WARN_DOCUMENTATION_COMMENTS = YES;
				CLANG_WARN_EMPTY_BODY = YES;
				CLANG_WARN_ENUM_CONVERSION = YES;
				CLANG_WARN_INFINITE_RECURSION = YES;
				CLANG_WARN_INT_CONVERSION = YES;
				CLANG_WARN_NON_LITERAL_NULL_CONVERSION = YES;
				CLANG_WARN_OBJC_IMPLICIT_RETAIN_SELF = YES;
				CLANG_WARN_OBJC_LITERAL_CONVERSION = YES;
				CLANG_WARN_OBJC_ROOT_CLASS = YES_ERROR;
				CLANG_WARN_QUOTED_INCLUDE_IN_FRAMEWORK_HEADER = YES;
				CLANG_WARN_RANGE_LOOP_ANALYSIS = YES;
				CLANG_WARN_STRICT_PROTOTYPES = YES;
				CLANG_WARN_SUSPICIOUS_MOVE = YES;
				CLANG_WARN_UNGUARDED_AVAILABILITY = YES_AGGRESSIVE;
				CLANG_WARN_UNREACHABLE_CODE = YES;
				CLANG_WARN__DUPLICATE_METHOD_MATCH = YES;
				COPY_PHASE_STRIP = NO;
				DEBUG_INFORMATION_FORMAT = "dwarf-with-dsym";
				ENABLE_NS_ASSERTIONS = NO;
				ENABLE_STRICT_OBJC_MSGSEND = YES;
				GCC_C_LANGUAGE_STANDARD = gnu11;
				GCC_NO_COMMON_BLOCKS = YES;
				GCC_WARN_64_TO_32_BIT_CONVERSION = YES;
				GCC_WARN_ABOUT_RETURN_TYPE = YES_ERROR;
				GCC_WARN_UNDECLARED_SELECTOR = YES;
				GCC_WARN_UNINITIALIZED_AUTOS = YES_AGGRESSIVE;
				GCC_WARN_UNUSED_FUNCTION = YES;
				GCC_WARN_UNUSED_VARIABLE = YES;
				IPHONEOS_DEPLOYMENT_TARGET = 15.2;
				MTL_ENABLE_DEBUG_INFO = NO;
				MTL_FAST_MATH = YES;
				SDKROOT = iphoneos;
				SWIFT_COMPILATION_MODE = wholemodule;
				SWIFT_OPTIMIZATION_LEVEL = "-O";
				VALIDATE_PRODUCT = YES;
			};
			name = Release;
		};
		5A58E4BC280412F9005BB073 /* Debug */ = {
			isa = XCBuildConfiguration;
			baseConfigurationReference = 9212379E71BF5E8C231465D8 /* Pods-ViewControllerPractice.debug.xcconfig */;
			buildSettings = {
				ASSETCATALOG_COMPILER_APPICON_NAME = AppIcon;
				ASSETCATALOG_COMPILER_GLOBAL_ACCENT_COLOR_NAME = AccentColor;
				CODE_SIGN_STYLE = Automatic;
				CURRENT_PROJECT_VERSION = 1;
				DEVELOPMENT_TEAM = TGGDTMFZ2S;
				GENERATE_INFOPLIST_FILE = YES;
				INFOPLIST_FILE = ViewControllerPractice/Info.plist;
				INFOPLIST_KEY_UIApplicationSupportsIndirectInputEvents = YES;
				INFOPLIST_KEY_UILaunchStoryboardName = LaunchScreen;
				INFOPLIST_KEY_UIMainStoryboardFile = Main;
				INFOPLIST_KEY_UISupportedInterfaceOrientations_iPad = "UIInterfaceOrientationPortrait UIInterfaceOrientationPortraitUpsideDown UIInterfaceOrientationLandscapeLeft UIInterfaceOrientationLandscapeRight";
				INFOPLIST_KEY_UISupportedInterfaceOrientations_iPhone = "UIInterfaceOrientationPortrait UIInterfaceOrientationLandscapeLeft UIInterfaceOrientationLandscapeRight";
				LD_RUNPATH_SEARCH_PATHS = (
					"$(inherited)",
					"@executable_path/Frameworks",
				);
				MARKETING_VERSION = 1.0;
				PRODUCT_BUNDLE_IDENTIFIER = com.vieyra01.ViewControllerPractice;
				PRODUCT_NAME = "$(TARGET_NAME)";
				SWIFT_EMIT_LOC_STRINGS = YES;
				SWIFT_VERSION = 5.0;
				TARGETED_DEVICE_FAMILY = "1,2";
			};
			name = Debug;
		};
		5A58E4BD280412F9005BB073 /* Release */ = {
			isa = XCBuildConfiguration;
			baseConfigurationReference = 69F698C370A801E4FACB0622 /* Pods-ViewControllerPractice.release.xcconfig */;
			buildSettings = {
				ASSETCATALOG_COMPILER_APPICON_NAME = AppIcon;
				ASSETCATALOG_COMPILER_GLOBAL_ACCENT_COLOR_NAME = AccentColor;
				CODE_SIGN_STYLE = Automatic;
				CURRENT_PROJECT_VERSION = 1;
				DEVELOPMENT_TEAM = TGGDTMFZ2S;
				GENERATE_INFOPLIST_FILE = YES;
				INFOPLIST_FILE = ViewControllerPractice/Info.plist;
				INFOPLIST_KEY_UIApplicationSupportsIndirectInputEvents = YES;
				INFOPLIST_KEY_UILaunchStoryboardName = LaunchScreen;
				INFOPLIST_KEY_UIMainStoryboardFile = Main;
				INFOPLIST_KEY_UISupportedInterfaceOrientations_iPad = "UIInterfaceOrientationPortrait UIInterfaceOrientationPortraitUpsideDown UIInterfaceOrientationLandscapeLeft UIInterfaceOrientationLandscapeRight";
				INFOPLIST_KEY_UISupportedInterfaceOrientations_iPhone = "UIInterfaceOrientationPortrait UIInterfaceOrientationLandscapeLeft UIInterfaceOrientationLandscapeRight";
				LD_RUNPATH_SEARCH_PATHS = (
					"$(inherited)",
					"@executable_path/Frameworks",
				);
				MARKETING_VERSION = 1.0;
				PRODUCT_BUNDLE_IDENTIFIER = com.vieyra01.ViewControllerPractice;
				PRODUCT_NAME = "$(TARGET_NAME)";
				SWIFT_EMIT_LOC_STRINGS = YES;
				SWIFT_VERSION = 5.0;
				TARGETED_DEVICE_FAMILY = "1,2";
			};
			name = Release;
		};
/* End XCBuildConfiguration section */

/* Begin XCConfigurationList section */
		5A58E4A2280412F8005BB073 /* Build configuration list for PBXProject "ViewControllerPractice" */ = {
			isa = XCConfigurationList;
			buildConfigurations = (
				5A58E4B9280412F9005BB073 /* Debug */,
				5A58E4BA280412F9005BB073 /* Release */,
			);
			defaultConfigurationIsVisible = 0;
			defaultConfigurationName = Release;
		};
		5A58E4BB280412F9005BB073 /* Build configuration list for PBXNativeTarget "ViewControllerPractice" */ = {
			isa = XCConfigurationList;
			buildConfigurations = (
				5A58E4BC280412F9005BB073 /* Debug */,
				5A58E4BD280412F9005BB073 /* Release */,
			);
			defaultConfigurationIsVisible = 0;
			defaultConfigurationName = Release;
		};
/* End XCConfigurationList section */
	};
	rootObject = 5A58E49F280412F8005BB073 /* Project object */;
}
